
Microsoft Visual Studio Solution File, Format Version 12.00
# Visual Studio Version 17
VisualStudioVersion = 17.0.31903.59
MinimumVisualStudioVersion = 10.0.40219.1
Project("{FAE04EC0-301F-11D3-BF4B-00C04F79EFBC}") = "API", "API\API.csproj", "{7532824F-CD5A-46C5-9463-CBED7F2AEC7F}"
EndProject
Project("{FAE04EC0-301F-11D3-BF4B-00C04F79EFBC}") = "Core", "Core\Core.csproj", "{16210225-01ED-4B02-9B27-45FBD56483C8}"
EndProject
Project("{FAE04EC0-301F-11D3-BF4B-00C04F79EFBC}") = "Infrastructure", "Infrastructure\Infrastructure.csproj", "{93E8EE51-FF57-49DD-8AF5-467F7D956FAB}"
EndProject
Global
	GlobalSection(SolutionConfigurationPlatforms) = preSolution
		Debug|Any CPU = Debug|Any CPU
		Release|Any CPU = Release|Any CPU
	EndGlobalSection
	GlobalSection(SolutionProperties) = preSolution
		HideSolutionNode = FALSE
	EndGlobalSection
	GlobalSection(ProjectConfigurationPlatforms) = postSolution
		{7532824F-CD5A-46C5-9463-CBED7F2AEC7F}.Debug|Any CPU.ActiveCfg = Debug|Any CPU
		{7532824F-CD5A-46C5-9463-CBED7F2AEC7F}.Debug|Any CPU.Build.0 = Debug|Any CPU
		{7532824F-CD5A-46C5-9463-CBED7F2AEC7F}.Release|Any CPU.ActiveCfg = Release|Any CPU
		{7532824F-CD5A-46C5-9463-CBED7F2AEC7F}.Release|Any CPU.Build.0 = Release|Any CPU
		{16210225-01ED-4B02-9B27-45FBD56483C8}.Debug|Any CPU.ActiveCfg = Debug|Any CPU
		{16210225-01ED-4B02-9B27-45FBD56483C8}.Debug|Any CPU.Build.0 = Debug|Any CPU
		{16210225-01ED-4B02-9B27-45FBD56483C8}.Release|Any CPU.ActiveCfg = Release|Any CPU
		{16210225-01ED-4B02-9B27-45FBD56483C8}.Release|Any CPU.Build.0 = Release|Any CPU
		{93E8EE51-FF57-49DD-8AF5-467F7D956FAB}.Debug|Any CPU.ActiveCfg = Debug|Any CPU
		{93E8EE51-FF57-49DD-8AF5-467F7D956FAB}.Debug|Any CPU.Build.0 = Debug|Any CPU
		{93E8EE51-FF57-49DD-8AF5-467F7D956FAB}.Release|Any CPU.ActiveCfg = Release|Any CPU
		{93E8EE51-FF57-49DD-8AF5-467F7D956FAB}.Release|Any CPU.Build.0 = Release|Any CPU
	EndGlobalSection
EndGlobal
